
Microsoft Visual Studio Solution File, Format Version 12.00
# Visual Studio 15
VisualStudioVersion = 15.0.27130.2027
MinimumVisualStudioVersion = 10.0.40219.1
Project("{FAE04EC0-301F-11D3-BF4B-00C04F79EFBC}") = "AlexaBoothDuty.Functions", "AlexaBoothDuty.Functions\AlexaBoothDuty.Functions.csproj", "{326A4B74-D632-4914-96AB-B6338328FEAF}"
EndProject
Project("{FAE04EC0-301F-11D3-BF4B-00C04F79EFBC}") = "AlexaBoothDuty.Core", "AlexaBoothDuty.Core\AlexaBoothDuty.Core.csproj", "{BBD52BAA-FFDC-45C9-8C96-77CE86FED2BE}"
EndProject
Global
	GlobalSection(SolutionConfigurationPlatforms) = preSolution
		Debug|Any CPU = Debug|Any CPU
		Release|Any CPU = Release|Any CPU
	EndGlobalSection
	GlobalSection(ProjectConfigurationPlatforms) = postSolution
		{326A4B74-D632-4914-96AB-B6338328FEAF}.Debug|Any CPU.ActiveCfg = Debug|Any CPU
		{326A4B74-D632-4914-96AB-B6338328FEAF}.Debug|Any CPU.Build.0 = Debug|Any CPU
		{326A4B74-D632-4914-96AB-B6338328FEAF}.Release|Any CPU.ActiveCfg = Release|Any CPU
		{326A4B74-D632-4914-96AB-B6338328FEAF}.Release|Any CPU.Build.0 = Release|Any CPU
		{BBD52BAA-FFDC-45C9-8C96-77CE86FED2BE}.Debug|Any CPU.ActiveCfg = Debug|Any CPU
		{BBD52BAA-FFDC-45C9-8C96-77CE86FED2BE}.Debug|Any CPU.Build.0 = Debug|Any CPU
		{BBD52BAA-FFDC-45C9-8C96-77CE86FED2BE}.Release|Any CPU.ActiveCfg = Release|Any CPU
		{BBD52BAA-FFDC-45C9-8C96-77CE86FED2BE}.Release|Any CPU.Build.0 = Release|Any CPU
	EndGlobalSection
	GlobalSection(SolutionProperties) = preSolution
		HideSolutionNode = FALSE
	EndGlobalSection
	GlobalSection(ExtensibilityGlobals) = postSolution
		SolutionGuid = {30D70163-7CF9-4C8D-A2FC-865399D16BDA}
	EndGlobalSection
EndGlobal
