
Microsoft Visual Studio Solution File, Format Version 12.00
# Visual Studio 14
VisualStudioVersion = 14.0.25420.1
MinimumVisualStudioVersion = 10.0.40219.1
Project("{FAE04EC0-301F-11D3-BF4B-00C04F79EFBC}") = "SQLServerToCouchbase.Core", "SQLServerToCouchbase.Core\SQLServerToCouchbase.Core.csproj", "{7EEDA535-7D0D-4BF4-B234-0FD22DEF3BAC}"
EndProject
Project("{FAE04EC0-301F-11D3-BF4B-00C04F79EFBC}") = "SQLServerDataAccess", "SQLServerDataAccess\SQLServerDataAccess.csproj", "{AC963644-27CC-4584-9007-2E4323A9C3E7}"
EndProject
Project("{FAE04EC0-301F-11D3-BF4B-00C04F79EFBC}") = "CouchbaseServerDataAccess", "CouchbaseServerDataAccess\CouchbaseServerDataAccess.csproj", "{E622599B-D9BB-4CBD-A348-6F1D5A154BB1}"
EndProject
Project("{FAE04EC0-301F-11D3-BF4B-00C04F79EFBC}") = "SQLServerToCouchbase.Web", "SQLServerToCouchbase.Web\SQLServerToCouchbase.Web.csproj", "{BF6A6422-C677-4E78-9063-7112E42C7316}"
EndProject
Project("{2150E333-8FDC-42A3-9474-1A3956D46DE8}") = "Solution Items", "Solution Items", "{BE82BA14-6926-4026-AC9A-C1248E10849C}"
	ProjectSection(SolutionItems) = preProject
		README.md = README.md
	EndProjectSection
EndProject
Project("{FAE04EC0-301F-11D3-BF4B-00C04F79EFBC}") = "SQLServerToCouchbase.Migrate", "SQLServerToCouchbase.Migrate\SQLServerToCouchbase.Migrate.csproj", "{873364DA-315C-42C0-A7A4-1BE7B5A06821}"
EndProject
Global
	GlobalSection(SolutionConfigurationPlatforms) = preSolution
		Debug|Any CPU = Debug|Any CPU
		Release|Any CPU = Release|Any CPU
	EndGlobalSection
	GlobalSection(ProjectConfigurationPlatforms) = postSolution
		{7EEDA535-7D0D-4BF4-B234-0FD22DEF3BAC}.Debug|Any CPU.ActiveCfg = Debug|Any CPU
		{7EEDA535-7D0D-4BF4-B234-0FD22DEF3BAC}.Debug|Any CPU.Build.0 = Debug|Any CPU
		{7EEDA535-7D0D-4BF4-B234-0FD22DEF3BAC}.Release|Any CPU.ActiveCfg = Release|Any CPU
		{7EEDA535-7D0D-4BF4-B234-0FD22DEF3BAC}.Release|Any CPU.Build.0 = Release|Any CPU
		{AC963644-27CC-4584-9007-2E4323A9C3E7}.Debug|Any CPU.ActiveCfg = Debug|Any CPU
		{AC963644-27CC-4584-9007-2E4323A9C3E7}.Debug|Any CPU.Build.0 = Debug|Any CPU
		{AC963644-27CC-4584-9007-2E4323A9C3E7}.Release|Any CPU.ActiveCfg = Release|Any CPU
		{AC963644-27CC-4584-9007-2E4323A9C3E7}.Release|Any CPU.Build.0 = Release|Any CPU
		{E622599B-D9BB-4CBD-A348-6F1D5A154BB1}.Debug|Any CPU.ActiveCfg = Debug|Any CPU
		{E622599B-D9BB-4CBD-A348-6F1D5A154BB1}.Debug|Any CPU.Build.0 = Debug|Any CPU
		{E622599B-D9BB-4CBD-A348-6F1D5A154BB1}.Release|Any CPU.ActiveCfg = Release|Any CPU
		{E622599B-D9BB-4CBD-A348-6F1D5A154BB1}.Release|Any CPU.Build.0 = Release|Any CPU
		{BF6A6422-C677-4E78-9063-7112E42C7316}.Debug|Any CPU.ActiveCfg = Debug|Any CPU
		{BF6A6422-C677-4E78-9063-7112E42C7316}.Debug|Any CPU.Build.0 = Debug|Any CPU
		{BF6A6422-C677-4E78-9063-7112E42C7316}.Release|Any CPU.ActiveCfg = Release|Any CPU
		{BF6A6422-C677-4E78-9063-7112E42C7316}.Release|Any CPU.Build.0 = Release|Any CPU
		{873364DA-315C-42C0-A7A4-1BE7B5A06821}.Debug|Any CPU.ActiveCfg = Debug|Any CPU
		{873364DA-315C-42C0-A7A4-1BE7B5A06821}.Debug|Any CPU.Build.0 = Debug|Any CPU
		{873364DA-315C-42C0-A7A4-1BE7B5A06821}.Release|Any CPU.ActiveCfg = Release|Any CPU
		{873364DA-315C-42C0-A7A4-1BE7B5A06821}.Release|Any CPU.Build.0 = Release|Any CPU
	EndGlobalSection
	GlobalSection(SolutionProperties) = preSolution
		HideSolutionNode = FALSE
	EndGlobalSection
EndGlobal
